
Microsoft Visual Studio Solution File, Format Version 12.00
# Visual Studio 2012
Project("{262852C6-CD72-467D-83FE-5EEB1973A190}") = "App2", "App2\App2.jsproj", "{781f4a1f-8384-4c65-81dc-ca3436a000b3}"
EndProject
Global
	GlobalSection(SolutionConfigurationPlatforms) = preSolution
		Debug|Any CPU = Debug|Any CPU
		Debug|ARM = Debug|ARM
		Debug|x64 = Debug|x64
		Debug|x86 = Debug|x86
		Release|Any CPU = Release|Any CPU
		Release|ARM = Release|ARM
		Release|x64 = Release|x64
		Release|x86 = Release|x86
	EndGlobalSection
	GlobalSection(ProjectConfigurationPlatforms) = postSolution
		{781F4A1F-8384-4C65-81DC-CA3436A000B3}.Debug|Any CPU.ActiveCfg = Debug|Any CPU
		{781F4A1F-8384-4C65-81DC-CA3436A000B3}.Debug|Any CPU.Build.0 = Debug|Any CPU
		{781F4A1F-8384-4C65-81DC-CA3436A000B3}.Debug|Any CPU.Deploy.0 = Debug|Any CPU
		{781F4A1F-8384-4C65-81DC-CA3436A000B3}.Debug|ARM.ActiveCfg = Debug|ARM
		{781F4A1F-8384-4C65-81DC-CA3436A000B3}.Debug|ARM.Build.0 = Debug|ARM
		{781F4A1F-8384-4C65-81DC-CA3436A000B3}.Debug|ARM.Deploy.0 = Debug|ARM
		{781F4A1F-8384-4C65-81DC-CA3436A000B3}.Debug|x64.ActiveCfg = Debug|x64
		{781F4A1F-8384-4C65-81DC-CA3436A000B3}.Debug|x64.Build.0 = Debug|x64
		{781F4A1F-8384-4C65-81DC-CA3436A000B3}.Debug|x64.Deploy.0 = Debug|x64
		{781F4A1F-8384-4C65-81DC-CA3436A000B3}.Debug|x86.ActiveCfg = Debug|x86
		{781F4A1F-8384-4C65-81DC-CA3436A000B3}.Debug|x86.Build.0 = Debug|x86
		{781F4A1F-8384-4C65-81DC-CA3436A000B3}.Debug|x86.Deploy.0 = Debug|x86
		{781F4A1F-8384-4C65-81DC-CA3436A000B3}.Release|Any CPU.ActiveCfg = Release|Any CPU
		{781F4A1F-8384-4C65-81DC-CA3436A000B3}.Release|Any CPU.Build.0 = Release|Any CPU
		{781F4A1F-8384-4C65-81DC-CA3436A000B3}.Release|Any CPU.Deploy.0 = Release|Any CPU
		{781F4A1F-8384-4C65-81DC-CA3436A000B3}.Release|ARM.ActiveCfg = Release|ARM
		{781F4A1F-8384-4C65-81DC-CA3436A000B3}.Release|ARM.Build.0 = Release|ARM
		{781F4A1F-8384-4C65-81DC-CA3436A000B3}.Release|ARM.Deploy.0 = Release|ARM
		{781F4A1F-8384-4C65-81DC-CA3436A000B3}.Release|x64.ActiveCfg = Release|x64
		{781F4A1F-8384-4C65-81DC-CA3436A000B3}.Release|x64.Build.0 = Release|x64
		{781F4A1F-8384-4C65-81DC-CA3436A000B3}.Release|x64.Deploy.0 = Release|x64
		{781F4A1F-8384-4C65-81DC-CA3436A000B3}.Release|x86.ActiveCfg = Release|x86
		{781F4A1F-8384-4C65-81DC-CA3436A000B3}.Release|x86.Build.0 = Release|x86
		{781F4A1F-8384-4C65-81DC-CA3436A000B3}.Release|x86.Deploy.0 = Release|x86
	EndGlobalSection
EndGlobal
